
Microsoft Visual Studio Solution File, Format Version 12.00
# Visual Studio Version 16
VisualStudioVersion = 25.0.1704.1
MinimumVisualStudioVersion = 10.0.40219.1
Project("{FAE04EC0-301F-11D3-BF4B-00C04F79EFBC}") = "Application_Api", "Application_Api\Application_Api.csproj", "{1D7CA740-2C1F-4872-93D1-6E8C6099801F}"
EndProject
Project("{FAE04EC0-301F-11D3-BF4B-00C04F79EFBC}") = "Application_FrontEnd", "Application_FrontEnd\Application_FrontEnd.csproj", "{FD303D11-FF49-47F2-AC7B-45435E0F4178}"
EndProject
Global
	GlobalSection(SolutionConfigurationPlatforms) = preSolution
		Debug|Any CPU = Debug|Any CPU
		Release|Any CPU = Release|Any CPU
	EndGlobalSection
	GlobalSection(ProjectConfigurationPlatforms) = postSolution
		{1D7CA740-2C1F-4872-93D1-6E8C6099801F}.Debug|Any CPU.ActiveCfg = Debug|Any CPU
		{1D7CA740-2C1F-4872-93D1-6E8C6099801F}.Debug|Any CPU.Build.0 = Debug|Any CPU
		{1D7CA740-2C1F-4872-93D1-6E8C6099801F}.Release|Any CPU.ActiveCfg = Release|Any CPU
		{1D7CA740-2C1F-4872-93D1-6E8C6099801F}.Release|Any CPU.Build.0 = Release|Any CPU
		{FD303D11-FF49-47F2-AC7B-45435E0F4178}.Debug|Any CPU.ActiveCfg = Debug|Any CPU
		{FD303D11-FF49-47F2-AC7B-45435E0F4178}.Debug|Any CPU.Build.0 = Debug|Any CPU
		{FD303D11-FF49-47F2-AC7B-45435E0F4178}.Release|Any CPU.ActiveCfg = Release|Any CPU
		{FD303D11-FF49-47F2-AC7B-45435E0F4178}.Release|Any CPU.Build.0 = Release|Any CPU
	EndGlobalSection
	GlobalSection(SolutionProperties) = preSolution
		HideSolutionNode = FALSE
	EndGlobalSection
	GlobalSection(ExtensibilityGlobals) = postSolution
		SolutionGuid = {01AF87F9-5005-491E-9020-2755717A7A96}
	EndGlobalSection
EndGlobal
